<?xml version="1.0" encoding="utf-8"?>
<Project ToolsVersion="4.0" xmlns="http://schemas.microsoft.com/developer/msbuild/2003">
  <ItemGroup>
    <Filter Include="Source Files">
      <UniqueIdentifier>{4FC737F1-C7A5-4376-A066-2A32D752A2FF}</UniqueIdentifier>
      <Extensions>cpp;c;cc;cxx;def;odl;idl;hpj;bat;asm;asmx</Extensions>
    </Filter>
    <Filter Include="Header Files">
      <UniqueIdentifier>{93995380-89BD-4b04-88EB-625FBE52EBFB}</UniqueIdentifier>
      <Extensions>h;hpp;hxx;hm;inl;inc;xsd</Extensions>
    </Filter>
    <Filter Include="Resource Files">
      <UniqueIdentifier>{67DA6AB6-F800-4c08-8B7A-83BB121AAD01}</UniqueIdentifier>
      <Extensions>rc;ico;cur;bmp;dlg;rc2;rct;bin;rgs;gif;jpg;jpeg;jpe;resx;tiff;tif;png;wav</Extensions>
    </Filter>
  </ItemGroup>
  <ItemGroup>
    <ClCompile Include="base64.cpp">
      <Filter>Source Files</Filter>
    </ClCompile>
    <ClCompile Include="crc16.cpp">
      <Filter>Source Files</Filter>
    </ClCompile>
    <ClCompile Include="CSmtp.cpp">
      <Filter>Source Files</Filter>
    </ClCompile>
    <ClCompile Include="iniFile.cpp">
      <Filter>Source Files</Filter>
    </ClCompile>
    <ClCompile Include="InitSolaDatabase.cpp">
      <Filter>Source Files</Filter>
    </ClCompile>
    <ClCompile Include="MailAcctInfo.cpp">
      <Filter>Source Files</Filter>
    </ClCompile>
    <ClCompile Include="md5.cpp">
      <Filter>Source Files</Filter>
    </ClCompile>
    <ClCompile Include="OpenCOMPort.cpp">
      <Filter>Source Files</Filter>
    </ClCompile>
    <ClCompile Include="SolaAlert.cpp">
      <Filter>Source Files</Filter>
    </ClCompile>
    <ClCompile Include="SolaChangeCode.cpp">
      <Filter>Source Files</Filter>
    </ClCompile>
    <ClCompile Include="SolaLockout.cpp">
      <Filter>Source Files</Filter>
    </ClCompile>
    <ClCompile Include="SolaLockoutDesc.cpp">
      <Filter>Source Files</Filter>
    </ClCompile>
    <ClCompile Include="SolaMBMap.cpp">
      <Filter>Source Files</Filter>
    </ClCompile>
    <ClCompile Include="SolaMBMaps.cpp">
      <Filter>Source Files</Filter>
    </ClCompile>
    <ClCompile Include="SolaMonitorSvc.cpp">
      <Filter>Source Files</Filter>
    </ClCompile>
    <ClCompile Include="SolaMultiValue.cpp">
      <Filter>Source Files</Filter>
    </ClCompile>
    <ClCompile Include="SolaRTUComm.cpp">
      <Filter>Source Files</Filter>
    </ClCompile>
    <ClCompile Include="SolaWriteReadFn.cpp">
      <Filter>Source Files</Filter>
    </ClCompile>
    <ClCompile Include="stdafx.cpp">
      <Filter>Source Files</Filter>
    </ClCompile>
    <ClCompile Include="LoadIniFileValues.cpp">
      <Filter>Source Files</Filter>
    </ClCompile>
    <ClCompile Include="MailSendFunc.cpp">
      <Filter>Source Files</Filter>
    </ClCompile>
    <ClCompile Include="Send_Svc_Start_Mail.cpp">
      <Filter>Source Files</Filter>
    </ClCompile>
    <ClCompile Include="Monitor.cpp">
      <Filter>Source Files</Filter>
    </ClCompile>
    <ClCompile Include="Send_Svc_Sched_Report_Mail.cpp">
      <Filter>Source Files</Filter>
    </ClCompile>
    <ClCompile Include="Setup_Mail_Acct_Info.cpp">
      <Filter>Source Files</Filter>
    </ClCompile>
    <ClCompile Include="SolaPage.cpp">
      <Filter>Source Files</Filter>
    </ClCompile>
    <ClCompile Include="Make_Reports.cpp">
      <Filter>Source Files</Filter>
    </ClCompile>
    <ClCompile Include="Time_Routines.cpp">
      <Filter>Source Files</Filter>
    </ClCompile>
  </ItemGroup>
  <ItemGroup>
    <ClInclude Include="base64.h">
      <Filter>Header Files</Filter>
    </ClInclude>
    <ClInclude Include="CSmtp.h">
      <Filter>Header Files</Filter>
    </ClInclude>
    <ClInclude Include="iniFile.h">
      <Filter>Header Files</Filter>
    </ClInclude>
    <ClInclude Include="MailAcctInfo.h">
      <Filter>Header Files</Filter>
    </ClInclude>
    <ClInclude Include="md5.h">
      <Filter>Header Files</Filter>
    </ClInclude>
    <ClInclude Include="SMSvcMsg.h">
      <Filter>Header Files</Filter>
    </ClInclude>
    <ClInclude Include="SolaAlert.h">
      <Filter>Header Files</Filter>
    </ClInclude>
    <ClInclude Include="SolaChangeCode.h">
      <Filter>Header Files</Filter>
    </ClInclude>
    <ClInclude Include="SolaLockout.h">
      <Filter>Header Files</Filter>
    </ClInclude>
    <ClInclude Include="SolaLockoutDesc.h">
      <Filter>Header Files</Filter>
    </ClInclude>
    <ClInclude Include="SolaMBMap.h">
      <Filter>Header Files</Filter>
    </ClInclude>
    <ClInclude Include="SolaMBMaps.h">
      <Filter>Header Files</Filter>
    </ClInclude>
    <ClInclude Include="SolaMonitorSvc.h">
      <Filter>Header Files</Filter>
    </ClInclude>
    <ClInclude Include="SolaMultiValue.h">
      <Filter>Header Files</Filter>
    </ClInclude>
    <ClInclude Include="stdafx.h">
      <Filter>Header Files</Filter>
    </ClInclude>
    <ClInclude Include="targetver.h">
      <Filter>Header Files</Filter>
    </ClInclude>
    <ClInclude Include="SolaPage.h">
      <Filter>Header Files</Filter>
    </ClInclude>
  </ItemGroup>
  <ItemGroup>
    <None Include="SMSvcMsg.mc">
      <Filter>Resource Files</Filter>
    </None>
    <None Include="ReadMe.txt" />
  </ItemGroup>
</Project>